speakeasyVersion: 1.761.1
sources:
    Spaire-OAS:
        sourceNamespace: spaire-oas
        sourceRevisionDigest: sha256:64bf2c3be273697342ab3604377a128b564260ee33a3c134805b89044e74d280
        sourceBlobDigest: sha256:9361567aa95210027251eb4c893b0e793bd5076765634cd7b10a4bc3942b0f6e
        tags:
            - latest
            - 0.1.0
targets:
    spaire:
        source: Spaire-OAS
        sourceNamespace: spaire-oas
        sourceRevisionDigest: sha256:64bf2c3be273697342ab3604377a128b564260ee33a3c134805b89044e74d280
        sourceBlobDigest: sha256:9361567aa95210027251eb4c893b0e793bd5076765634cd7b10a4bc3942b0f6e
        codeSamplesNamespace: spaire-oas-ruby-code-samples
        codeSamplesRevisionDigest: sha256:435eccd9ab86e89394f39d11cb300e6ad22d3865c3e70b972fa7a9a2edccf6ba
workflow:
    workflowVersion: 1.0.0
    speakeasyVersion: latest
    sources:
        Spaire-OAS:
            inputs:
                - location: https://api.spairehq.com/openapi.json
            overlays:
                - location: https://raw.githubusercontent.com/Spaire-Tech/polar/main/sdk/overlays/security.yml
                - location: https://raw.githubusercontent.com/Spaire-Tech/polar/main/sdk/overlays/type_parameter.yml
                - location: https://raw.githubusercontent.com/Spaire-Tech/polar/main/sdk/overlays/read_only.yml
                - location: https://raw.githubusercontent.com/Spaire-Tech/polar/main/sdk/overlays/event_discriminator.yml
                - location: https://raw.githubusercontent.com/Spaire-Tech/polar/main/sdk/overlays/timezone_enum.yml
                - location: https://raw.githubusercontent.com/Spaire-Tech/polar/main/sdk/overlays/event_metadata.yml
                - location: https://raw.githubusercontent.com/Spaire-Tech/polar/main/sdk/overlays/rebrand.yml
            registry:
                location: registry.speakeasyapi.dev/spaire/spaire-workspace/spaire-oas
    targets:
        spaire:
            target: ruby
            source: Spaire-OAS
            publish:
                rubygems:
                    token: $rubygems_auth_token
            codeSamples:
                output: codeSamples.yaml
                registry:
                    location: registry.speakeasyapi.dev/spaire/spaire-workspace/spaire-oas-ruby-code-samples
                labelOverride:
                    fixedValue: Ruby (SDK)
