speakeasyVersion: 1.789.0
sources:
    Spaire-OAS:
        sourceNamespace: spaire-oas
        sourceRevisionDigest: sha256:2f0e374976a6c96573f5daa835d6a3113ead0d721564daddddf37a4707d3d610
        sourceBlobDigest: sha256:82a85d81dbf52d2cdc72d9f32e638b2371ee9fa11638f542b0925e80fe3948ca
        tags:
            - latest
            - 0.1.0
targets:
    spaire:
        source: Spaire-OAS
        sourceNamespace: spaire-oas
        sourceRevisionDigest: sha256:2f0e374976a6c96573f5daa835d6a3113ead0d721564daddddf37a4707d3d610
        sourceBlobDigest: sha256:82a85d81dbf52d2cdc72d9f32e638b2371ee9fa11638f542b0925e80fe3948ca
        codeSamplesNamespace: spaire-oas-ruby-code-samples
        codeSamplesRevisionDigest: sha256:5942f49bf202e692dde99b57141a3ba6857f7487fb0fdad4dfb2b8bf1e34cf20
workflow:
    workflowVersion: 1.0.0
    speakeasyVersion: latest
    sources:
        Spaire-OAS:
            inputs:
                - location: https://api.spairehq.com/openapi.json
            overlays:
                - location: https://raw.githubusercontent.com/Spaire-Tech/polar/main/sdk/overlays/security.yml
                - location: https://raw.githubusercontent.com/Spaire-Tech/polar/main/sdk/overlays/type_parameter.yml
                - location: https://raw.githubusercontent.com/Spaire-Tech/polar/main/sdk/overlays/read_only.yml
                - location: https://raw.githubusercontent.com/Spaire-Tech/polar/main/sdk/overlays/event_discriminator.yml
                - location: https://raw.githubusercontent.com/Spaire-Tech/polar/main/sdk/overlays/timezone_enum.yml
                - location: https://raw.githubusercontent.com/Spaire-Tech/polar/main/sdk/overlays/event_metadata.yml
                - location: https://raw.githubusercontent.com/Spaire-Tech/polar/main/sdk/overlays/rebrand.yml
            registry:
                location: registry.speakeasyapi.dev/spaire/spaire-workspace/spaire-oas
    targets:
        spaire:
            target: ruby
            source: Spaire-OAS
            publish:
                rubygems:
                    token: $rubygems_auth_token
            codeSamples:
                output: codeSamples.yaml
                registry:
                    location: registry.speakeasyapi.dev/spaire/spaire-workspace/spaire-oas-ruby-code-samples
                labelOverride:
                    fixedValue: Ruby (SDK)
