speakeasyVersion: 1.791.0
sources:
    Spaire-OAS:
        sourceNamespace: spaire-oas
        sourceRevisionDigest: sha256:5f197deeea4465415221ab5220ddb49fcb7fa1dbb68fd435d76ceea1f8a89e76
        sourceBlobDigest: sha256:bfbc2cd3dc98a0b02a7ab4f30af7be4f9a5cadac8c98ccf5bdf8d033ee994fa3
        tags:
            - latest
            - 0.1.0
targets:
    spaire:
        source: Spaire-OAS
        sourceNamespace: spaire-oas
        sourceRevisionDigest: sha256:5f197deeea4465415221ab5220ddb49fcb7fa1dbb68fd435d76ceea1f8a89e76
        sourceBlobDigest: sha256:bfbc2cd3dc98a0b02a7ab4f30af7be4f9a5cadac8c98ccf5bdf8d033ee994fa3
        codeSamplesNamespace: spaire-oas-ruby-code-samples
        codeSamplesRevisionDigest: sha256:22fd74377203893c0e949ec652abb9401d9737c6a30af3b4553c3df3117499c5
workflow:
    workflowVersion: 1.0.0
    speakeasyVersion: latest
    sources:
        Spaire-OAS:
            inputs:
                - location: https://api.spairehq.com/openapi.json
            overlays:
                - location: https://raw.githubusercontent.com/Spaire-Tech/polar/main/sdk/overlays/security.yml
                - location: https://raw.githubusercontent.com/Spaire-Tech/polar/main/sdk/overlays/type_parameter.yml
                - location: https://raw.githubusercontent.com/Spaire-Tech/polar/main/sdk/overlays/read_only.yml
                - location: https://raw.githubusercontent.com/Spaire-Tech/polar/main/sdk/overlays/event_discriminator.yml
                - location: https://raw.githubusercontent.com/Spaire-Tech/polar/main/sdk/overlays/timezone_enum.yml
                - location: https://raw.githubusercontent.com/Spaire-Tech/polar/main/sdk/overlays/event_metadata.yml
                - location: https://raw.githubusercontent.com/Spaire-Tech/polar/main/sdk/overlays/rebrand.yml
            registry:
                location: registry.speakeasyapi.dev/spaire/spaire-workspace/spaire-oas
    targets:
        spaire:
            target: ruby
            source: Spaire-OAS
            publish:
                rubygems:
                    token: $rubygems_auth_token
            codeSamples:
                output: codeSamples.yaml
                registry:
                    location: registry.speakeasyapi.dev/spaire/spaire-workspace/spaire-oas-ruby-code-samples
                labelOverride:
                    fixedValue: Ruby (SDK)
